github.com/yuneda/go-say-hello v1.0.0 h1:Io784OQyLbindhmzdtEzVPS3GqTyJ/7pMINt5/0dsV0=
github.com/yuneda/go-say-hello v1.0.0/go.mod h1:cBqe8rKDsNsoiO6D2SDQ5d07FCwjj6160RQtCXZP1og=
github.com/yuneda/go-say-hello v1.5.0 h1:fG7s+zJs2vRnpKQavAtOzaTw111O/LpQcQZY55y87rU=
github.com/yuneda/go-say-hello v1.5.0/go.mod h1:cBqe8rKDsNsoiO6D2SDQ5d07FCwjj6160RQtCXZP1og=
github.com/yuneda/go-say-hello/v2 v2.0.0 h1:8+oqXcpu1yvk2QcY30NllF4icHgRQ+boAIDwenbTcM4=
github.com/yuneda/go-say-hello/v2 v2.0.0/go.mod h1:ZCN8BG2L4mxRhGS741dJO/qRWmdzVivy1cT7f129rSA=
